
Microsoft Visual Studio Solution File, Format Version 11.00
# Visual Studio 2010
Project("{2150E333-8FDC-42A3-9474-1A3956D46DE8}") = "Solution Items", "Solution Items", "{37159159-B116-4DA9-B9DA-002F8F5C3EC6}"
EndProject
Project("{FAE04EC0-301F-11D3-BF4B-00C04F79EFBC}") = "Controller", "Controller\Controller.csproj", "{2E66EF00-94BC-41D5-B7E0-132E08CF696C}"
EndProject
Project("{FAE04EC0-301F-11D3-BF4B-00C04F79EFBC}") = "Gui", "Gui\Gui.csproj", "{96DA42DB-DEB6-41FA-AD38-9F9FB446CFE5}"
EndProject
Project("{FAE04EC0-301F-11D3-BF4B-00C04F79EFBC}") = "View", "View\View.csproj", "{1406E3B9-661E-44C9-8A0D-C3E3DBABBD74}"
EndProject
Project("{FAE04EC0-301F-11D3-BF4B-00C04F79EFBC}") = "Model", "Model\Model.csproj", "{70B8B1C4-E4F2-4EFA-A6FF-6AC7E3136BB2}"
EndProject
Project("{FAE04EC0-301F-11D3-BF4B-00C04F79EFBC}") = "Translation", "Translation\Translation.csproj", "{500C5CB0-0550-46A6-AC22-CB97A4A02742}"
EndProject
Project("{FAE04EC0-301F-11D3-BF4B-00C04F79EFBC}") = "ResourceLibrary", "ResourceLibrary\ResourceLibrary.csproj", "{278DB08B-33CD-4A02-8348-FA770DDBAEDF}"
EndProject
Project("{FAE04EC0-301F-11D3-BF4B-00C04F79EFBC}") = "Tests", "Tests\Tests.csproj", "{12DA3F43-3092-4CC6-AF95-73B123E6A225}"
EndProject
Project("{FAE04EC0-301F-11D3-BF4B-00C04F79EFBC}") = "Reverse", "Reverse\Reverse.csproj", "{4D0E0E6A-0492-4988-B5FF-AFE9B5187F23}"
EndProject
Project("{FAE04EC0-301F-11D3-BF4B-00C04F79EFBC}") = "Updater", "Updater\Updater.csproj", "{E33D7B88-43F7-4216-909E-22508E9E0618}"
EndProject
Project("{FAE04EC0-301F-11D3-BF4B-00C04F79EFBC}") = "Evolution", "Evolution\Evolution.csproj", "{C6073D3B-87E0-4C40-B8CC-C1E420A286F8}"
EndProject
Project("{FAE04EC0-301F-11D3-BF4B-00C04F79EFBC}") = "ProjectConverter", "ProjectConverter\ProjectConverter.csproj", "{0B483225-A6CB-4D60-822C-64E5A8288CB5}"
EndProject
Project("{FAE04EC0-301F-11D3-BF4B-00C04F79EFBC}") = "SemanticWS", "SemanticWS\SemanticWS.csproj", "{77EDFD97-56D4-4DEC-B76B-DD20915B626E}"
EndProject
Project("{FAE04EC0-301F-11D3-BF4B-00C04F79EFBC}") = "AvalonDock", "AvalonDock\AvalonDock.csproj", "{87E61430-4243-45F2-B74E-0A4C096CEBF3}"
EndProject
Project("{FAE04EC0-301F-11D3-BF4B-00C04F79EFBC}") = "EvoXExport", "EvoXExport\EvoXExport.csproj", "{681A1418-24E0-4A24-8EAA-7A7345131948}"
EndProject
Project("{54435603-DBB4-11D2-8724-00A0C9A8B90C}") = "Setup", "Setup\Setup.vdproj", "{81490237-2D93-41E4-BC57-DA560D9DB2D8}"
EndProject
Global
	GlobalSection(TeamFoundationVersionControl) = preSolution
		SccNumberOfProjects = 16
		SccEnterpriseProvider = {4CA58AB2-18FA-4F8D-95D4-32DDF27D184C}
		SccTeamFoundationServer = https://tfs.codeplex.com/tfs/tfs07
		SccLocalPath0 = .
		SccProjectUniqueName1 = Controller\\Controller.csproj
		SccProjectName1 = Controller
		SccLocalPath1 = Controller
		SccProjectUniqueName2 = View\\View.csproj
		SccProjectName2 = View
		SccLocalPath2 = View
		SccProjectUniqueName3 = Model\\Model.csproj
		SccProjectName3 = Model
		SccLocalPath3 = Model
		SccProjectUniqueName4 = Translation\\Translation.csproj
		SccProjectName4 = Translation
		SccLocalPath4 = Translation
		SccProjectUniqueName5 = ResourceLibrary\\ResourceLibrary.csproj
		SccProjectName5 = ResourceLibrary
		SccLocalPath5 = ResourceLibrary
		SccProjectUniqueName6 = Tests\\Tests.csproj
		SccProjectName6 = Tests
		SccLocalPath6 = Tests
		SccProjectUniqueName7 = Reverse\\Reverse.csproj
		SccProjectName7 = Reverse
		SccLocalPath7 = Reverse
		SccProjectUniqueName8 = Updater\\Updater.csproj
		SccProjectName8 = Updater
		SccLocalPath8 = Updater
		SccProjectUniqueName9 = Evolution\\Evolution.csproj
		SccProjectName9 = Evolution
		SccLocalPath9 = Evolution
		SccProjectUniqueName10 = ProjectConverter\\ProjectConverter.csproj
		SccProjectName10 = ProjectConverter
		SccLocalPath10 = ProjectConverter
		SccProjectUniqueName11 = SemanticWS\\SemanticWS.csproj
		SccProjectName11 = SemanticWS
		SccLocalPath11 = SemanticWS
		SccProjectUniqueName12 = AvalonDock\\AvalonDock.csproj
		SccProjectName12 = AvalonDock
		SccLocalPath12 = AvalonDock
		SccProjectUniqueName13 = EvoXExport\\EvoXExport.csproj
		SccProjectName13 = EvoXExport
		SccLocalPath13 = EvoXExport
		SccProjectUniqueName14 = Setup\\Setup.vdproj
		SccProjectName14 = Setup
		SccLocalPath14 = Setup
		SccProjectUniqueName15 = Gui\\Gui.csproj
		SccProjectName15 = Gui
		SccLocalPath15 = Gui
	EndGlobalSection
	GlobalSection(SolutionConfigurationPlatforms) = preSolution
		Debug|Any CPU = Debug|Any CPU
		Debug|Mixed Platforms = Debug|Mixed Platforms
		Debug|x64 = Debug|x64
		Debug|x86 = Debug|x86
		Release|Any CPU = Release|Any CPU
		Release|Mixed Platforms = Release|Mixed Platforms
		Release|x64 = Release|x64
		Release|x86 = Release|x86
		ReleaseXML|Any CPU = ReleaseXML|Any CPU
		ReleaseXML|Mixed Platforms = ReleaseXML|Mixed Platforms
		ReleaseXML|x64 = ReleaseXML|x64
		ReleaseXML|x86 = ReleaseXML|x86
	EndGlobalSection
	GlobalSection(ProjectConfigurationPlatforms) = postSolution
		{2E66EF00-94BC-41D5-B7E0-132E08CF696C}.Debug|Any CPU.ActiveCfg = Debug|Any CPU
		{2E66EF00-94BC-41D5-B7E0-132E08CF696C}.Debug|Any CPU.Build.0 = Debug|Any CPU
		{2E66EF00-94BC-41D5-B7E0-132E08CF696C}.Debug|Mixed Platforms.ActiveCfg = Debug|x86
		{2E66EF00-94BC-41D5-B7E0-132E08CF696C}.Debug|Mixed Platforms.Build.0 = Debug|x86
		{2E66EF00-94BC-41D5-B7E0-132E08CF696C}.Debug|x64.ActiveCfg = Debug|x64
		{2E66EF00-94BC-41D5-B7E0-132E08CF696C}.Debug|x64.Build.0 = Debug|x64
		{2E66EF00-94BC-41D5-B7E0-132E08CF696C}.Debug|x86.ActiveCfg = Debug|x86
		{2E66EF00-94BC-41D5-B7E0-132E08CF696C}.Debug|x86.Build.0 = Debug|x86
		{2E66EF00-94BC-41D5-B7E0-132E08CF696C}.Release|Any CPU.ActiveCfg = Release|Any CPU
		{2E66EF00-94BC-41D5-B7E0-132E08CF696C}.Release|Any CPU.Build.0 = Release|Any CPU
		{2E66EF00-94BC-41D5-B7E0-132E08CF696C}.Release|Mixed Platforms.ActiveCfg = Release|x86
		{2E66EF00-94BC-41D5-B7E0-132E08CF696C}.Release|Mixed Platforms.Build.0 = Release|x86
		{2E66EF00-94BC-41D5-B7E0-132E08CF696C}.Release|x64.ActiveCfg = Release|x64
		{2E66EF00-94BC-41D5-B7E0-132E08CF696C}.Release|x64.Build.0 = Release|x64
		{2E66EF00-94BC-41D5-B7E0-132E08CF696C}.Release|x86.ActiveCfg = Release|x86
		{2E66EF00-94BC-41D5-B7E0-132E08CF696C}.Release|x86.Build.0 = Release|x86
		{2E66EF00-94BC-41D5-B7E0-132E08CF696C}.ReleaseXML|Any CPU.ActiveCfg = ReleaseXML|Any CPU
		{2E66EF00-94BC-41D5-B7E0-132E08CF696C}.ReleaseXML|Any CPU.Build.0 = ReleaseXML|Any CPU
		{2E66EF00-94BC-41D5-B7E0-132E08CF696C}.ReleaseXML|Mixed Platforms.ActiveCfg = ReleaseXML|x86
		{2E66EF00-94BC-41D5-B7E0-132E08CF696C}.ReleaseXML|Mixed Platforms.Build.0 = ReleaseXML|x86
		{2E66EF00-94BC-41D5-B7E0-132E08CF696C}.ReleaseXML|x64.ActiveCfg = ReleaseXML|x64
		{2E66EF00-94BC-41D5-B7E0-132E08CF696C}.ReleaseXML|x64.Build.0 = ReleaseXML|x64
		{2E66EF00-94BC-41D5-B7E0-132E08CF696C}.ReleaseXML|x86.ActiveCfg = ReleaseXML|x86
		{2E66EF00-94BC-41D5-B7E0-132E08CF696C}.ReleaseXML|x86.Build.0 = ReleaseXML|x86
		{96DA42DB-DEB6-41FA-AD38-9F9FB446CFE5}.Debug|Any CPU.ActiveCfg = Debug|Any CPU
		{96DA42DB-DEB6-41FA-AD38-9F9FB446CFE5}.Debug|Any CPU.Build.0 = Debug|Any CPU
		{96DA42DB-DEB6-41FA-AD38-9F9FB446CFE5}.Debug|Mixed Platforms.ActiveCfg = Debug|x86
		{96DA42DB-DEB6-41FA-AD38-9F9FB446CFE5}.Debug|Mixed Platforms.Build.0 = Debug|x86
		{96DA42DB-DEB6-41FA-AD38-9F9FB446CFE5}.Debug|x64.ActiveCfg = Debug|x86
		{96DA42DB-DEB6-41FA-AD38-9F9FB446CFE5}.Debug|x86.ActiveCfg = Debug|x86
		{96DA42DB-DEB6-41FA-AD38-9F9FB446CFE5}.Debug|x86.Build.0 = Debug|x86
		{96DA42DB-DEB6-41FA-AD38-9F9FB446CFE5}.Release|Any CPU.ActiveCfg = Release|x86
		{96DA42DB-DEB6-41FA-AD38-9F9FB446CFE5}.Release|Mixed Platforms.ActiveCfg = Release|x86
		{96DA42DB-DEB6-41FA-AD38-9F9FB446CFE5}.Release|Mixed Platforms.Build.0 = Release|x86
		{96DA42DB-DEB6-41FA-AD38-9F9FB446CFE5}.Release|x64.ActiveCfg = Release|x86
		{96DA42DB-DEB6-41FA-AD38-9F9FB446CFE5}.Release|x86.ActiveCfg = Release|x86
		{96DA42DB-DEB6-41FA-AD38-9F9FB446CFE5}.Release|x86.Build.0 = Release|x86
		{96DA42DB-DEB6-41FA-AD38-9F9FB446CFE5}.ReleaseXML|Any CPU.ActiveCfg = Release|x86
		{96DA42DB-DEB6-41FA-AD38-9F9FB446CFE5}.ReleaseXML|Mixed Platforms.ActiveCfg = Release|x86
		{96DA42DB-DEB6-41FA-AD38-9F9FB446CFE5}.ReleaseXML|Mixed Platforms.Build.0 = Release|x86
		{96DA42DB-DEB6-41FA-AD38-9F9FB446CFE5}.ReleaseXML|x64.ActiveCfg = Release|x86
		{96DA42DB-DEB6-41FA-AD38-9F9FB446CFE5}.ReleaseXML|x86.ActiveCfg = Release|x86
		{96DA42DB-DEB6-41FA-AD38-9F9FB446CFE5}.ReleaseXML|x86.Build.0 = Release|x86
		{1406E3B9-661E-44C9-8A0D-C3E3DBABBD74}.Debug|Any CPU.ActiveCfg = Debug|Any CPU
		{1406E3B9-661E-44C9-8A0D-C3E3DBABBD74}.Debug|Any CPU.Build.0 = Debug|Any CPU
		{1406E3B9-661E-44C9-8A0D-C3E3DBABBD74}.Debug|Mixed Platforms.ActiveCfg = Debug|x86
		{1406E3B9-661E-44C9-8A0D-C3E3DBABBD74}.Debug|Mixed Platforms.Build.0 = Debug|x86
		{1406E3B9-661E-44C9-8A0D-C3E3DBABBD74}.Debug|x64.ActiveCfg = Debug|x64
		{1406E3B9-661E-44C9-8A0D-C3E3DBABBD74}.Debug|x64.Build.0 = Debug|x64
		{1406E3B9-661E-44C9-8A0D-C3E3DBABBD74}.Debug|x86.ActiveCfg = Debug|x86
		{1406E3B9-661E-44C9-8A0D-C3E3DBABBD74}.Debug|x86.Build.0 = Debug|x86
		{1406E3B9-661E-44C9-8A0D-C3E3DBABBD74}.Release|Any CPU.ActiveCfg = Release|Any CPU
		{1406E3B9-661E-44C9-8A0D-C3E3DBABBD74}.Release|Any CPU.Build.0 = Release|Any CPU
		{1406E3B9-661E-44C9-8A0D-C3E3DBABBD74}.Release|Mixed Platforms.ActiveCfg = Release|x86
		{1406E3B9-661E-44C9-8A0D-C3E3DBABBD74}.Release|Mixed Platforms.Build.0 = Release|x86
		{1406E3B9-661E-44C9-8A0D-C3E3DBABBD74}.Release|x64.ActiveCfg = Release|x64
		{1406E3B9-661E-44C9-8A0D-C3E3DBABBD74}.Release|x64.Build.0 = Release|x64
		{1406E3B9-661E-44C9-8A0D-C3E3DBABBD74}.Release|x86.ActiveCfg = Release|x86
		{1406E3B9-661E-44C9-8A0D-C3E3DBABBD74}.Release|x86.Build.0 = Release|x86
		{1406E3B9-661E-44C9-8A0D-C3E3DBABBD74}.ReleaseXML|Any CPU.ActiveCfg = ReleaseXML|Any CPU
		{1406E3B9-661E-44C9-8A0D-C3E3DBABBD74}.ReleaseXML|Any CPU.Build.0 = ReleaseXML|Any CPU
		{1406E3B9-661E-44C9-8A0D-C3E3DBABBD74}.ReleaseXML|Mixed Platforms.ActiveCfg = ReleaseXML|x86
		{1406E3B9-661E-44C9-8A0D-C3E3DBABBD74}.ReleaseXML|Mixed Platforms.Build.0 = ReleaseXML|x86
		{1406E3B9-661E-44C9-8A0D-C3E3DBABBD74}.ReleaseXML|x64.ActiveCfg = ReleaseXML|x64
		{1406E3B9-661E-44C9-8A0D-C3E3DBABBD74}.ReleaseXML|x64.Build.0 = ReleaseXML|x64
		{1406E3B9-661E-44C9-8A0D-C3E3DBABBD74}.ReleaseXML|x86.ActiveCfg = ReleaseXML|x86
		{1406E3B9-661E-44C9-8A0D-C3E3DBABBD74}.ReleaseXML|x86.Build.0 = ReleaseXML|x86
		{70B8B1C4-E4F2-4EFA-A6FF-6AC7E3136BB2}.Debug|Any CPU.ActiveCfg = Debug|Any CPU
		{70B8B1C4-E4F2-4EFA-A6FF-6AC7E3136BB2}.Debug|Any CPU.Build.0 = Debug|Any CPU
		{70B8B1C4-E4F2-4EFA-A6FF-6AC7E3136BB2}.Debug|Mixed Platforms.ActiveCfg = Debug|x86
		{70B8B1C4-E4F2-4EFA-A6FF-6AC7E3136BB2}.Debug|Mixed Platforms.Build.0 = Debug|x86
		{70B8B1C4-E4F2-4EFA-A6FF-6AC7E3136BB2}.Debug|x64.ActiveCfg = Debug|x64
		{70B8B1C4-E4F2-4EFA-A6FF-6AC7E3136BB2}.Debug|x64.Build.0 = Debug|x64
		{70B8B1C4-E4F2-4EFA-A6FF-6AC7E3136BB2}.Debug|x86.ActiveCfg = Debug|x86
		{70B8B1C4-E4F2-4EFA-A6FF-6AC7E3136BB2}.Debug|x86.Build.0 = Debug|x86
		{70B8B1C4-E4F2-4EFA-A6FF-6AC7E3136BB2}.Release|Any CPU.ActiveCfg = Release|Any CPU
		{70B8B1C4-E4F2-4EFA-A6FF-6AC7E3136BB2}.Release|Any CPU.Build.0 = Release|Any CPU
		{70B8B1C4-E4F2-4EFA-A6FF-6AC7E3136BB2}.Release|Mixed Platforms.ActiveCfg = Release|x86
		{70B8B1C4-E4F2-4EFA-A6FF-6AC7E3136BB2}.Release|Mixed Platforms.Build.0 = Release|x86
		{70B8B1C4-E4F2-4EFA-A6FF-6AC7E3136BB2}.Release|x64.ActiveCfg = Release|x64
		{70B8B1C4-E4F2-4EFA-A6FF-6AC7E3136BB2}.Release|x64.Build.0 = Release|x64
		{70B8B1C4-E4F2-4EFA-A6FF-6AC7E3136BB2}.Release|x86.ActiveCfg = Release|x86
		{70B8B1C4-E4F2-4EFA-A6FF-6AC7E3136BB2}.Release|x86.Build.0 = Release|x86
		{70B8B1C4-E4F2-4EFA-A6FF-6AC7E3136BB2}.ReleaseXML|Any CPU.ActiveCfg = ReleaseXML|Any CPU
		{70B8B1C4-E4F2-4EFA-A6FF-6AC7E3136BB2}.ReleaseXML|Any CPU.Build.0 = ReleaseXML|Any CPU
		{70B8B1C4-E4F2-4EFA-A6FF-6AC7E3136BB2}.ReleaseXML|Mixed Platforms.ActiveCfg = ReleaseXML|x86
		{70B8B1C4-E4F2-4EFA-A6FF-6AC7E3136BB2}.ReleaseXML|Mixed Platforms.Build.0 = ReleaseXML|x86
		{70B8B1C4-E4F2-4EFA-A6FF-6AC7E3136BB2}.ReleaseXML|x64.ActiveCfg = ReleaseXML|x64
		{70B8B1C4-E4F2-4EFA-A6FF-6AC7E3136BB2}.ReleaseXML|x64.Build.0 = ReleaseXML|x64
		{70B8B1C4-E4F2-4EFA-A6FF-6AC7E3136BB2}.ReleaseXML|x86.ActiveCfg = ReleaseXML|x86
		{70B8B1C4-E4F2-4EFA-A6FF-6AC7E3136BB2}.ReleaseXML|x86.Build.0 = ReleaseXML|x86
		{500C5CB0-0550-46A6-AC22-CB97A4A02742}.Debug|Any CPU.ActiveCfg = Debug|Any CPU
		{500C5CB0-0550-46A6-AC22-CB97A4A02742}.Debug|Any CPU.Build.0 = Debug|Any CPU
		{500C5CB0-0550-46A6-AC22-CB97A4A02742}.Debug|Mixed Platforms.ActiveCfg = Debug|x86
		{500C5CB0-0550-46A6-AC22-CB97A4A02742}.Debug|Mixed Platforms.Build.0 = Debug|x86
		{500C5CB0-0550-46A6-AC22-CB97A4A02742}.Debug|x64.ActiveCfg = Debug|x64
		{500C5CB0-0550-46A6-AC22-CB97A4A02742}.Debug|x64.Build.0 = Debug|x64
		{500C5CB0-0550-46A6-AC22-CB97A4A02742}.Debug|x86.ActiveCfg = Debug|x86
		{500C5CB0-0550-46A6-AC22-CB97A4A02742}.Debug|x86.Build.0 = Debug|x86
		{500C5CB0-0550-46A6-AC22-CB97A4A02742}.Release|Any CPU.ActiveCfg = Release|Any CPU
		{500C5CB0-0550-46A6-AC22-CB97A4A02742}.Release|Any CPU.Build.0 = Release|Any CPU
		{500C5CB0-0550-46A6-AC22-CB97A4A02742}.Release|Mixed Platforms.ActiveCfg = Release|x86
		{500C5CB0-0550-46A6-AC22-CB97A4A02742}.Release|Mixed Platforms.Build.0 = Release|x86
		{500C5CB0-0550-46A6-AC22-CB97A4A02742}.Release|x64.ActiveCfg = Release|x64
		{500C5CB0-0550-46A6-AC22-CB97A4A02742}.Release|x64.Build.0 = Release|x64
		{500C5CB0-0550-46A6-AC22-CB97A4A02742}.Release|x86.ActiveCfg = Release|x86
		{500C5CB0-0550-46A6-AC22-CB97A4A02742}.Release|x86.Build.0 = Release|x86
		{500C5CB0-0550-46A6-AC22-CB97A4A02742}.ReleaseXML|Any CPU.ActiveCfg = ReleaseXML|Any CPU
		{500C5CB0-0550-46A6-AC22-CB97A4A02742}.ReleaseXML|Any CPU.Build.0 = ReleaseXML|Any CPU
		{500C5CB0-0550-46A6-AC22-CB97A4A02742}.ReleaseXML|Mixed Platforms.ActiveCfg = ReleaseXML|x86
		{500C5CB0-0550-46A6-AC22-CB97A4A02742}.ReleaseXML|Mixed Platforms.Build.0 = ReleaseXML|x86
		{500C5CB0-0550-46A6-AC22-CB97A4A02742}.ReleaseXML|x64.ActiveCfg = ReleaseXML|x64
		{500C5CB0-0550-46A6-AC22-CB97A4A02742}.ReleaseXML|x64.Build.0 = ReleaseXML|x64
		{500C5CB0-0550-46A6-AC22-CB97A4A02742}.ReleaseXML|x86.ActiveCfg = ReleaseXML|x86
		{500C5CB0-0550-46A6-AC22-CB97A4A02742}.ReleaseXML|x86.Build.0 = ReleaseXML|x86
		{278DB08B-33CD-4A02-8348-FA770DDBAEDF}.Debug|Any CPU.ActiveCfg = Debug|Any CPU
		{278DB08B-33CD-4A02-8348-FA770DDBAEDF}.Debug|Any CPU.Build.0 = Debug|Any CPU
		{278DB08B-33CD-4A02-8348-FA770DDBAEDF}.Debug|Mixed Platforms.ActiveCfg = Debug|x86
		{278DB08B-33CD-4A02-8348-FA770DDBAEDF}.Debug|Mixed Platforms.Build.0 = Debug|x86
		{278DB08B-33CD-4A02-8348-FA770DDBAEDF}.Debug|x64.ActiveCfg = Debug|x64
		{278DB08B-33CD-4A02-8348-FA770DDBAEDF}.Debug|x64.Build.0 = Debug|x64
		{278DB08B-33CD-4A02-8348-FA770DDBAEDF}.Debug|x86.ActiveCfg = Debug|x86
		{278DB08B-33CD-4A02-8348-FA770DDBAEDF}.Debug|x86.Build.0 = Debug|x86
		{278DB08B-33CD-4A02-8348-FA770DDBAEDF}.Release|Any CPU.ActiveCfg = Release|Any CPU
		{278DB08B-33CD-4A02-8348-FA770DDBAEDF}.Release|Any CPU.Build.0 = Release|Any CPU
		{278DB08B-33CD-4A02-8348-FA770DDBAEDF}.Release|Mixed Platforms.ActiveCfg = Release|x86
		{278DB08B-33CD-4A02-8348-FA770DDBAEDF}.Release|Mixed Platforms.Build.0 = Release|x86
		{278DB08B-33CD-4A02-8348-FA770DDBAEDF}.Release|x64.ActiveCfg = Release|x64
		{278DB08B-33CD-4A02-8348-FA770DDBAEDF}.Release|x64.Build.0 = Release|x64
		{278DB08B-33CD-4A02-8348-FA770DDBAEDF}.Release|x86.ActiveCfg = Release|x86
		{278DB08B-33CD-4A02-8348-FA770DDBAEDF}.Release|x86.Build.0 = Release|x86
		{278DB08B-33CD-4A02-8348-FA770DDBAEDF}.ReleaseXML|Any CPU.ActiveCfg = Release|Any CPU
		{278DB08B-33CD-4A02-8348-FA770DDBAEDF}.ReleaseXML|Any CPU.Build.0 = Release|Any CPU
		{278DB08B-33CD-4A02-8348-FA770DDBAEDF}.ReleaseXML|Mixed Platforms.ActiveCfg = Release|x86
		{278DB08B-33CD-4A02-8348-FA770DDBAEDF}.ReleaseXML|Mixed Platforms.Build.0 = Release|x86
		{278DB08B-33CD-4A02-8348-FA770DDBAEDF}.ReleaseXML|x64.ActiveCfg = Release|x86
		{278DB08B-33CD-4A02-8348-FA770DDBAEDF}.ReleaseXML|x86.ActiveCfg = Release|x86
		{278DB08B-33CD-4A02-8348-FA770DDBAEDF}.ReleaseXML|x86.Build.0 = Release|x86
		{12DA3F43-3092-4CC6-AF95-73B123E6A225}.Debug|Any CPU.ActiveCfg = Debug|Any CPU
		{12DA3F43-3092-4CC6-AF95-73B123E6A225}.Debug|Any CPU.Build.0 = Debug|Any CPU
		{12DA3F43-3092-4CC6-AF95-73B123E6A225}.Debug|Mixed Platforms.ActiveCfg = Debug|x86
		{12DA3F43-3092-4CC6-AF95-73B123E6A225}.Debug|Mixed Platforms.Build.0 = Debug|x86
		{12DA3F43-3092-4CC6-AF95-73B123E6A225}.Debug|x64.ActiveCfg = Debug|x64
		{12DA3F43-3092-4CC6-AF95-73B123E6A225}.Debug|x64.Build.0 = Debug|x64
		{12DA3F43-3092-4CC6-AF95-73B123E6A225}.Debug|x86.ActiveCfg = Debug|x86
		{12DA3F43-3092-4CC6-AF95-73B123E6A225}.Debug|x86.Build.0 = Debug|x86
		{12DA3F43-3092-4CC6-AF95-73B123E6A225}.Release|Any CPU.ActiveCfg = Release|Any CPU
		{12DA3F43-3092-4CC6-AF95-73B123E6A225}.Release|Any CPU.Build.0 = Release|Any CPU
		{12DA3F43-3092-4CC6-AF95-73B123E6A225}.Release|Mixed Platforms.ActiveCfg = Release|x86
		{12DA3F43-3092-4CC6-AF95-73B123E6A225}.Release|Mixed Platforms.Build.0 = Release|x86
		{12DA3F43-3092-4CC6-AF95-73B123E6A225}.Release|x64.ActiveCfg = Release|x64
		{12DA3F43-3092-4CC6-AF95-73B123E6A225}.Release|x64.Build.0 = Release|x64
		{12DA3F43-3092-4CC6-AF95-73B123E6A225}.Release|x86.ActiveCfg = Release|x86
		{12DA3F43-3092-4CC6-AF95-73B123E6A225}.Release|x86.Build.0 = Release|x86
		{12DA3F43-3092-4CC6-AF95-73B123E6A225}.ReleaseXML|Any CPU.ActiveCfg = Release|Any CPU
		{12DA3F43-3092-4CC6-AF95-73B123E6A225}.ReleaseXML|Any CPU.Build.0 = Release|Any CPU
		{12DA3F43-3092-4CC6-AF95-73B123E6A225}.ReleaseXML|Mixed Platforms.ActiveCfg = Release|x86
		{12DA3F43-3092-4CC6-AF95-73B123E6A225}.ReleaseXML|Mixed Platforms.Build.0 = Release|x86
		{12DA3F43-3092-4CC6-AF95-73B123E6A225}.ReleaseXML|x64.ActiveCfg = Release|x86
		{12DA3F43-3092-4CC6-AF95-73B123E6A225}.ReleaseXML|x86.ActiveCfg = Release|x86
		{12DA3F43-3092-4CC6-AF95-73B123E6A225}.ReleaseXML|x86.Build.0 = Release|x86
		{4D0E0E6A-0492-4988-B5FF-AFE9B5187F23}.Debug|Any CPU.ActiveCfg = Debug|Any CPU
		{4D0E0E6A-0492-4988-B5FF-AFE9B5187F23}.Debug|Any CPU.Build.0 = Debug|Any CPU
		{4D0E0E6A-0492-4988-B5FF-AFE9B5187F23}.Debug|Mixed Platforms.ActiveCfg = Debug|x86
		{4D0E0E6A-0492-4988-B5FF-AFE9B5187F23}.Debug|Mixed Platforms.Build.0 = Debug|x86
		{4D0E0E6A-0492-4988-B5FF-AFE9B5187F23}.Debug|x64.ActiveCfg = Debug|x64
		{4D0E0E6A-0492-4988-B5FF-AFE9B5187F23}.Debug|x64.Build.0 = Debug|x64
		{4D0E0E6A-0492-4988-B5FF-AFE9B5187F23}.Debug|x86.ActiveCfg = Debug|x86
		{4D0E0E6A-0492-4988-B5FF-AFE9B5187F23}.Debug|x86.Build.0 = Debug|x86
		{4D0E0E6A-0492-4988-B5FF-AFE9B5187F23}.Release|Any CPU.ActiveCfg = Release|Any CPU
		{4D0E0E6A-0492-4988-B5FF-AFE9B5187F23}.Release|Any CPU.Build.0 = Release|Any CPU
		{4D0E0E6A-0492-4988-B5FF-AFE9B5187F23}.Release|Mixed Platforms.ActiveCfg = Release|x86
		{4D0E0E6A-0492-4988-B5FF-AFE9B5187F23}.Release|Mixed Platforms.Build.0 = Release|x86
		{4D0E0E6A-0492-4988-B5FF-AFE9B5187F23}.Release|x64.ActiveCfg = Release|x64
		{4D0E0E6A-0492-4988-B5FF-AFE9B5187F23}.Release|x64.Build.0 = Release|x64
		{4D0E0E6A-0492-4988-B5FF-AFE9B5187F23}.Release|x86.ActiveCfg = Release|x86
		{4D0E0E6A-0492-4988-B5FF-AFE9B5187F23}.Release|x86.Build.0 = Release|x86
		{4D0E0E6A-0492-4988-B5FF-AFE9B5187F23}.ReleaseXML|Any CPU.ActiveCfg = Release|Any CPU
		{4D0E0E6A-0492-4988-B5FF-AFE9B5187F23}.ReleaseXML|Any CPU.Build.0 = Release|Any CPU
		{4D0E0E6A-0492-4988-B5FF-AFE9B5187F23}.ReleaseXML|Mixed Platforms.ActiveCfg = Release|x86
		{4D0E0E6A-0492-4988-B5FF-AFE9B5187F23}.ReleaseXML|Mixed Platforms.Build.0 = Release|x86
		{4D0E0E6A-0492-4988-B5FF-AFE9B5187F23}.ReleaseXML|x64.ActiveCfg = Release|x86
		{4D0E0E6A-0492-4988-B5FF-AFE9B5187F23}.ReleaseXML|x86.ActiveCfg = Release|x86
		{4D0E0E6A-0492-4988-B5FF-AFE9B5187F23}.ReleaseXML|x86.Build.0 = Release|x86
		{E33D7B88-43F7-4216-909E-22508E9E0618}.Debug|Any CPU.ActiveCfg = Debug|Any CPU
		{E33D7B88-43F7-4216-909E-22508E9E0618}.Debug|Any CPU.Build.0 = Debug|Any CPU
		{E33D7B88-43F7-4216-909E-22508E9E0618}.Debug|Mixed Platforms.ActiveCfg = Debug|x86
		{E33D7B88-43F7-4216-909E-22508E9E0618}.Debug|Mixed Platforms.Build.0 = Debug|x86
		{E33D7B88-43F7-4216-909E-22508E9E0618}.Debug|x64.ActiveCfg = Debug|x64
		{E33D7B88-43F7-4216-909E-22508E9E0618}.Debug|x64.Build.0 = Debug|x64
		{E33D7B88-43F7-4216-909E-22508E9E0618}.Debug|x86.ActiveCfg = Debug|x86
		{E33D7B88-43F7-4216-909E-22508E9E0618}.Debug|x86.Build.0 = Debug|x86
		{E33D7B88-43F7-4216-909E-22508E9E0618}.Release|Any CPU.ActiveCfg = Release|Any CPU
		{E33D7B88-43F7-4216-909E-22508E9E0618}.Release|Any CPU.Build.0 = Release|Any CPU
		{E33D7B88-43F7-4216-909E-22508E9E0618}.Release|Mixed Platforms.ActiveCfg = Release|x86
		{E33D7B88-43F7-4216-909E-22508E9E0618}.Release|Mixed Platforms.Build.0 = Release|x86
		{E33D7B88-43F7-4216-909E-22508E9E0618}.Release|x64.ActiveCfg = Release|x64
		{E33D7B88-43F7-4216-909E-22508E9E0618}.Release|x64.Build.0 = Release|x64
		{E33D7B88-43F7-4216-909E-22508E9E0618}.Release|x86.ActiveCfg = Release|x86
		{E33D7B88-43F7-4216-909E-22508E9E0618}.Release|x86.Build.0 = Release|x86
		{E33D7B88-43F7-4216-909E-22508E9E0618}.ReleaseXML|Any CPU.ActiveCfg = Release|Any CPU
		{E33D7B88-43F7-4216-909E-22508E9E0618}.ReleaseXML|Any CPU.Build.0 = Release|Any CPU
		{E33D7B88-43F7-4216-909E-22508E9E0618}.ReleaseXML|Mixed Platforms.ActiveCfg = Release|x86
		{E33D7B88-43F7-4216-909E-22508E9E0618}.ReleaseXML|Mixed Platforms.Build.0 = Release|x86
		{E33D7B88-43F7-4216-909E-22508E9E0618}.ReleaseXML|x64.ActiveCfg = Release|x86
		{E33D7B88-43F7-4216-909E-22508E9E0618}.ReleaseXML|x86.ActiveCfg = Release|x86
		{E33D7B88-43F7-4216-909E-22508E9E0618}.ReleaseXML|x86.Build.0 = Release|x86
		{C6073D3B-87E0-4C40-B8CC-C1E420A286F8}.Debug|Any CPU.ActiveCfg = Debug|Any CPU
		{C6073D3B-87E0-4C40-B8CC-C1E420A286F8}.Debug|Any CPU.Build.0 = Debug|Any CPU
		{C6073D3B-87E0-4C40-B8CC-C1E420A286F8}.Debug|Mixed Platforms.ActiveCfg = Debug|x86
		{C6073D3B-87E0-4C40-B8CC-C1E420A286F8}.Debug|Mixed Platforms.Build.0 = Debug|x86
		{C6073D3B-87E0-4C40-B8CC-C1E420A286F8}.Debug|x64.ActiveCfg = Debug|x86
		{C6073D3B-87E0-4C40-B8CC-C1E420A286F8}.Debug|x86.ActiveCfg = Debug|x86
		{C6073D3B-87E0-4C40-B8CC-C1E420A286F8}.Debug|x86.Build.0 = Debug|x86
		{C6073D3B-87E0-4C40-B8CC-C1E420A286F8}.Release|Any CPU.ActiveCfg = Release|Any CPU
		{C6073D3B-87E0-4C40-B8CC-C1E420A286F8}.Release|Any CPU.Build.0 = Release|Any CPU
		{C6073D3B-87E0-4C40-B8CC-C1E420A286F8}.Release|Mixed Platforms.ActiveCfg = Release|x86
		{C6073D3B-87E0-4C40-B8CC-C1E420A286F8}.Release|Mixed Platforms.Build.0 = Release|x86
		{C6073D3B-87E0-4C40-B8CC-C1E420A286F8}.Release|x64.ActiveCfg = Release|x86
		{C6073D3B-87E0-4C40-B8CC-C1E420A286F8}.Release|x86.ActiveCfg = Release|x86
		{C6073D3B-87E0-4C40-B8CC-C1E420A286F8}.Release|x86.Build.0 = Release|x86
		{C6073D3B-87E0-4C40-B8CC-C1E420A286F8}.ReleaseXML|Any CPU.ActiveCfg = Release|Any CPU
		{C6073D3B-87E0-4C40-B8CC-C1E420A286F8}.ReleaseXML|Any CPU.Build.0 = Release|Any CPU
		{C6073D3B-87E0-4C40-B8CC-C1E420A286F8}.ReleaseXML|Mixed Platforms.ActiveCfg = Release|x86
		{C6073D3B-87E0-4C40-B8CC-C1E420A286F8}.ReleaseXML|Mixed Platforms.Build.0 = Release|x86
		{C6073D3B-87E0-4C40-B8CC-C1E420A286F8}.ReleaseXML|x64.ActiveCfg = Release|x86
		{C6073D3B-87E0-4C40-B8CC-C1E420A286F8}.ReleaseXML|x86.ActiveCfg = Release|x86
		{C6073D3B-87E0-4C40-B8CC-C1E420A286F8}.ReleaseXML|x86.Build.0 = Release|x86
		{0B483225-A6CB-4D60-822C-64E5A8288CB5}.Debug|Any CPU.ActiveCfg = Debug|Any CPU
		{0B483225-A6CB-4D60-822C-64E5A8288CB5}.Debug|Any CPU.Build.0 = Debug|Any CPU
		{0B483225-A6CB-4D60-822C-64E5A8288CB5}.Debug|Mixed Platforms.ActiveCfg = Debug|x86
		{0B483225-A6CB-4D60-822C-64E5A8288CB5}.Debug|Mixed Platforms.Build.0 = Debug|x86
		{0B483225-A6CB-4D60-822C-64E5A8288CB5}.Debug|x64.ActiveCfg = Debug|x64
		{0B483225-A6CB-4D60-822C-64E5A8288CB5}.Debug|x64.Build.0 = Debug|x64
		{0B483225-A6CB-4D60-822C-64E5A8288CB5}.Debug|x86.ActiveCfg = Debug|x86
		{0B483225-A6CB-4D60-822C-64E5A8288CB5}.Debug|x86.Build.0 = Debug|x86
		{0B483225-A6CB-4D60-822C-64E5A8288CB5}.Release|Any CPU.ActiveCfg = Release|Any CPU
		{0B483225-A6CB-4D60-822C-64E5A8288CB5}.Release|Any CPU.Build.0 = Release|Any CPU
		{0B483225-A6CB-4D60-822C-64E5A8288CB5}.Release|Mixed Platforms.ActiveCfg = Release|x86
		{0B483225-A6CB-4D60-822C-64E5A8288CB5}.Release|Mixed Platforms.Build.0 = Release|x86
		{0B483225-A6CB-4D60-822C-64E5A8288CB5}.Release|x64.ActiveCfg = Release|x64
		{0B483225-A6CB-4D60-822C-64E5A8288CB5}.Release|x64.Build.0 = Release|x64
		{0B483225-A6CB-4D60-822C-64E5A8288CB5}.Release|x86.ActiveCfg = Release|x86
		{0B483225-A6CB-4D60-822C-64E5A8288CB5}.Release|x86.Build.0 = Release|x86
		{0B483225-A6CB-4D60-822C-64E5A8288CB5}.ReleaseXML|Any CPU.ActiveCfg = Release|x86
		{0B483225-A6CB-4D60-822C-64E5A8288CB5}.ReleaseXML|Mixed Platforms.ActiveCfg = Release|x86
		{0B483225-A6CB-4D60-822C-64E5A8288CB5}.ReleaseXML|Mixed Platforms.Build.0 = Release|x86
		{0B483225-A6CB-4D60-822C-64E5A8288CB5}.ReleaseXML|x64.ActiveCfg = Release|x86
		{0B483225-A6CB-4D60-822C-64E5A8288CB5}.ReleaseXML|x86.ActiveCfg = Release|x86
		{0B483225-A6CB-4D60-822C-64E5A8288CB5}.ReleaseXML|x86.Build.0 = Release|x86
		{77EDFD97-56D4-4DEC-B76B-DD20915B626E}.Debug|Any CPU.ActiveCfg = Debug|Any CPU
		{77EDFD97-56D4-4DEC-B76B-DD20915B626E}.Debug|Any CPU.Build.0 = Debug|Any CPU
		{77EDFD97-56D4-4DEC-B76B-DD20915B626E}.Debug|Mixed Platforms.ActiveCfg = Debug|Any CPU
		{77EDFD97-56D4-4DEC-B76B-DD20915B626E}.Debug|Mixed Platforms.Build.0 = Debug|Any CPU
		{77EDFD97-56D4-4DEC-B76B-DD20915B626E}.Debug|x64.ActiveCfg = Debug|Any CPU
		{77EDFD97-56D4-4DEC-B76B-DD20915B626E}.Debug|x86.ActiveCfg = Debug|Any CPU
		{77EDFD97-56D4-4DEC-B76B-DD20915B626E}.Release|Any CPU.ActiveCfg = Release|Any CPU
		{77EDFD97-56D4-4DEC-B76B-DD20915B626E}.Release|Any CPU.Build.0 = Release|Any CPU
		{77EDFD97-56D4-4DEC-B76B-DD20915B626E}.Release|Mixed Platforms.ActiveCfg = Release|Any CPU
		{77EDFD97-56D4-4DEC-B76B-DD20915B626E}.Release|Mixed Platforms.Build.0 = Release|Any CPU
		{77EDFD97-56D4-4DEC-B76B-DD20915B626E}.Release|x64.ActiveCfg = Release|Any CPU
		{77EDFD97-56D4-4DEC-B76B-DD20915B626E}.Release|x86.ActiveCfg = Release|Any CPU
		{77EDFD97-56D4-4DEC-B76B-DD20915B626E}.ReleaseXML|Any CPU.ActiveCfg = Release|Any CPU
		{77EDFD97-56D4-4DEC-B76B-DD20915B626E}.ReleaseXML|Any CPU.Build.0 = Release|Any CPU
		{77EDFD97-56D4-4DEC-B76B-DD20915B626E}.ReleaseXML|Mixed Platforms.ActiveCfg = Release|Any CPU
		{77EDFD97-56D4-4DEC-B76B-DD20915B626E}.ReleaseXML|Mixed Platforms.Build.0 = Release|Any CPU
		{77EDFD97-56D4-4DEC-B76B-DD20915B626E}.ReleaseXML|x64.ActiveCfg = Release|Any CPU
		{77EDFD97-56D4-4DEC-B76B-DD20915B626E}.ReleaseXML|x86.ActiveCfg = Release|Any CPU
		{87E61430-4243-45F2-B74E-0A4C096CEBF3}.Debug|Any CPU.ActiveCfg = Debug|Any CPU
		{87E61430-4243-45F2-B74E-0A4C096CEBF3}.Debug|Any CPU.Build.0 = Debug|Any CPU
		{87E61430-4243-45F2-B74E-0A4C096CEBF3}.Debug|Mixed Platforms.ActiveCfg = Debug|Any CPU
		{87E61430-4243-45F2-B74E-0A4C096CEBF3}.Debug|Mixed Platforms.Build.0 = Debug|Any CPU
		{87E61430-4243-45F2-B74E-0A4C096CEBF3}.Debug|x64.ActiveCfg = Debug|Any CPU
		{87E61430-4243-45F2-B74E-0A4C096CEBF3}.Debug|x86.ActiveCfg = Debug|Any CPU
		{87E61430-4243-45F2-B74E-0A4C096CEBF3}.Release|Any CPU.ActiveCfg = Release|Any CPU
		{87E61430-4243-45F2-B74E-0A4C096CEBF3}.Release|Any CPU.Build.0 = Release|Any CPU
		{87E61430-4243-45F2-B74E-0A4C096CEBF3}.Release|Mixed Platforms.ActiveCfg = Release|Any CPU
		{87E61430-4243-45F2-B74E-0A4C096CEBF3}.Release|Mixed Platforms.Build.0 = Release|Any CPU
		{87E61430-4243-45F2-B74E-0A4C096CEBF3}.Release|x64.ActiveCfg = Release|Any CPU
		{87E61430-4243-45F2-B74E-0A4C096CEBF3}.Release|x86.ActiveCfg = Release|Any CPU
		{87E61430-4243-45F2-B74E-0A4C096CEBF3}.ReleaseXML|Any CPU.ActiveCfg = Release|Any CPU
		{87E61430-4243-45F2-B74E-0A4C096CEBF3}.ReleaseXML|Any CPU.Build.0 = Release|Any CPU
		{87E61430-4243-45F2-B74E-0A4C096CEBF3}.ReleaseXML|Mixed Platforms.ActiveCfg = Release|Any CPU
		{87E61430-4243-45F2-B74E-0A4C096CEBF3}.ReleaseXML|Mixed Platforms.Build.0 = Release|Any CPU
		{87E61430-4243-45F2-B74E-0A4C096CEBF3}.ReleaseXML|x64.ActiveCfg = Release|Any CPU
		{87E61430-4243-45F2-B74E-0A4C096CEBF3}.ReleaseXML|x86.ActiveCfg = Release|Any CPU
		{681A1418-24E0-4A24-8EAA-7A7345131948}.Debug|Any CPU.ActiveCfg = Debug|Any CPU
		{681A1418-24E0-4A24-8EAA-7A7345131948}.Debug|Any CPU.Build.0 = Debug|Any CPU
		{681A1418-24E0-4A24-8EAA-7A7345131948}.Debug|Mixed Platforms.ActiveCfg = Debug|x86
		{681A1418-24E0-4A24-8EAA-7A7345131948}.Debug|Mixed Platforms.Build.0 = Debug|x86
		{681A1418-24E0-4A24-8EAA-7A7345131948}.Debug|x64.ActiveCfg = Debug|x86
		{681A1418-24E0-4A24-8EAA-7A7345131948}.Debug|x86.ActiveCfg = Debug|x86
		{681A1418-24E0-4A24-8EAA-7A7345131948}.Debug|x86.Build.0 = Debug|x86
		{681A1418-24E0-4A24-8EAA-7A7345131948}.Release|Any CPU.ActiveCfg = Release|Any CPU
		{681A1418-24E0-4A24-8EAA-7A7345131948}.Release|Any CPU.Build.0 = Release|Any CPU
		{681A1418-24E0-4A24-8EAA-7A7345131948}.Release|Mixed Platforms.ActiveCfg = Release|x86
		{681A1418-24E0-4A24-8EAA-7A7345131948}.Release|Mixed Platforms.Build.0 = Release|x86
		{681A1418-24E0-4A24-8EAA-7A7345131948}.Release|x64.ActiveCfg = Release|x86
		{681A1418-24E0-4A24-8EAA-7A7345131948}.Release|x86.ActiveCfg = Release|x86
		{681A1418-24E0-4A24-8EAA-7A7345131948}.Release|x86.Build.0 = Release|x86
		{681A1418-24E0-4A24-8EAA-7A7345131948}.ReleaseXML|Any CPU.ActiveCfg = Release|x86
		{681A1418-24E0-4A24-8EAA-7A7345131948}.ReleaseXML|Mixed Platforms.ActiveCfg = Release|x86
		{681A1418-24E0-4A24-8EAA-7A7345131948}.ReleaseXML|Mixed Platforms.Build.0 = Release|x86
		{681A1418-24E0-4A24-8EAA-7A7345131948}.ReleaseXML|x64.ActiveCfg = Release|x86
		{681A1418-24E0-4A24-8EAA-7A7345131948}.ReleaseXML|x86.ActiveCfg = Release|x86
		{681A1418-24E0-4A24-8EAA-7A7345131948}.ReleaseXML|x86.Build.0 = Release|x86
		{81490237-2D93-41E4-BC57-DA560D9DB2D8}.Debug|Any CPU.ActiveCfg = Debug
		{81490237-2D93-41E4-BC57-DA560D9DB2D8}.Debug|Mixed Platforms.ActiveCfg = Debug
		{81490237-2D93-41E4-BC57-DA560D9DB2D8}.Debug|Mixed Platforms.Build.0 = Debug
		{81490237-2D93-41E4-BC57-DA560D9DB2D8}.Debug|x64.ActiveCfg = Debug
		{81490237-2D93-41E4-BC57-DA560D9DB2D8}.Debug|x64.Build.0 = Debug
		{81490237-2D93-41E4-BC57-DA560D9DB2D8}.Debug|x86.ActiveCfg = Debug
		{81490237-2D93-41E4-BC57-DA560D9DB2D8}.Debug|x86.Build.0 = Debug
		{81490237-2D93-41E4-BC57-DA560D9DB2D8}.Release|Any CPU.ActiveCfg = Release
		{81490237-2D93-41E4-BC57-DA560D9DB2D8}.Release|Any CPU.Build.0 = Release
		{81490237-2D93-41E4-BC57-DA560D9DB2D8}.Release|Mixed Platforms.ActiveCfg = Release
		{81490237-2D93-41E4-BC57-DA560D9DB2D8}.Release|Mixed Platforms.Build.0 = Release
		{81490237-2D93-41E4-BC57-DA560D9DB2D8}.Release|x64.ActiveCfg = Release
		{81490237-2D93-41E4-BC57-DA560D9DB2D8}.Release|x64.Build.0 = Release
		{81490237-2D93-41E4-BC57-DA560D9DB2D8}.Release|x86.ActiveCfg = Release
		{81490237-2D93-41E4-BC57-DA560D9DB2D8}.Release|x86.Build.0 = Release
		{81490237-2D93-41E4-BC57-DA560D9DB2D8}.ReleaseXML|Any CPU.ActiveCfg = Release
		{81490237-2D93-41E4-BC57-DA560D9DB2D8}.ReleaseXML|Any CPU.Build.0 = Release
		{81490237-2D93-41E4-BC57-DA560D9DB2D8}.ReleaseXML|Mixed Platforms.ActiveCfg = Release
		{81490237-2D93-41E4-BC57-DA560D9DB2D8}.ReleaseXML|Mixed Platforms.Build.0 = Release
		{81490237-2D93-41E4-BC57-DA560D9DB2D8}.ReleaseXML|x64.ActiveCfg = Release
		{81490237-2D93-41E4-BC57-DA560D9DB2D8}.ReleaseXML|x64.Build.0 = Release
		{81490237-2D93-41E4-BC57-DA560D9DB2D8}.ReleaseXML|x86.ActiveCfg = Release
		{81490237-2D93-41E4-BC57-DA560D9DB2D8}.ReleaseXML|x86.Build.0 = Release
	EndGlobalSection
	GlobalSection(SolutionProperties) = preSolution
		HideSolutionNode = FALSE
	EndGlobalSection
EndGlobal
